
Microsoft Visual Studio Solution File, Format Version 12.00
# Visual Studio Version 17
VisualStudioVersion = 17.8.34309.116
MinimumVisualStudioVersion = 10.0.40219.1
Project("{FAE04EC0-301F-11D3-BF4B-00C04F79EFBC}") = "Practice_04", "Practice_04\Practice_04.csproj", "{2162C48C-436E-4B5F-8370-4A31B9D02E57}"
EndProject
Global
	GlobalSection(SolutionConfigurationPlatforms) = preSolution
		Debug|Any CPU = Debug|Any CPU
		Release|Any CPU = Release|Any CPU
	EndGlobalSection
	GlobalSection(ProjectConfigurationPlatforms) = postSolution
		{2162C48C-436E-4B5F-8370-4A31B9D02E57}.Debug|Any CPU.ActiveCfg = Debug|Any CPU
		{2162C48C-436E-4B5F-8370-4A31B9D02E57}.Debug|Any CPU.Build.0 = Debug|Any CPU
		{2162C48C-436E-4B5F-8370-4A31B9D02E57}.Release|Any CPU.ActiveCfg = Release|Any CPU
		{2162C48C-436E-4B5F-8370-4A31B9D02E57}.Release|Any CPU.Build.0 = Release|Any CPU
	EndGlobalSection
	GlobalSection(SolutionProperties) = preSolution
		HideSolutionNode = FALSE
	EndGlobalSection
	GlobalSection(ExtensibilityGlobals) = postSolution
		SolutionGuid = {E84F8833-8492-43C8-9441-B1A3E9D7BB44}
	EndGlobalSection
EndGlobal
