
Microsoft Visual Studio Solution File, Format Version 12.00
# Visual Studio Version 17
VisualStudioVersion = 17.8.34309.116
MinimumVisualStudioVersion = 10.0.40219.1
Project("{FAE04EC0-301F-11D3-BF4B-00C04F79EFBC}") = "Practice_6", "Practice_6\Practice_6.csproj", "{844F30E4-9BB5-417C-86BE-6A77FE641CB4}"
EndProject
Global
	GlobalSection(SolutionConfigurationPlatforms) = preSolution
		Debug|Any CPU = Debug|Any CPU
		Release|Any CPU = Release|Any CPU
	EndGlobalSection
	GlobalSection(ProjectConfigurationPlatforms) = postSolution
		{844F30E4-9BB5-417C-86BE-6A77FE641CB4}.Debug|Any CPU.ActiveCfg = Debug|Any CPU
		{844F30E4-9BB5-417C-86BE-6A77FE641CB4}.Debug|Any CPU.Build.0 = Debug|Any CPU
		{844F30E4-9BB5-417C-86BE-6A77FE641CB4}.Release|Any CPU.ActiveCfg = Release|Any CPU
		{844F30E4-9BB5-417C-86BE-6A77FE641CB4}.Release|Any CPU.Build.0 = Release|Any CPU
	EndGlobalSection
	GlobalSection(SolutionProperties) = preSolution
		HideSolutionNode = FALSE
	EndGlobalSection
	GlobalSection(ExtensibilityGlobals) = postSolution
		SolutionGuid = {1D6F8541-82E1-4EDD-83BA-4760BC0C7F1C}
	EndGlobalSection
EndGlobal
