
Microsoft Visual Studio Solution File, Format Version 12.00
# Visual Studio Version 17
VisualStudioVersion = 17.8.34309.116
MinimumVisualStudioVersion = 10.0.40219.1
Project("{FAE04EC0-301F-11D3-BF4B-00C04F79EFBC}") = "Practice_1", "Practice_1\Practice_1.csproj", "{FD6B5CC5-258E-4A35-815E-FBB291FF018D}"
EndProject
Global
	GlobalSection(SolutionConfigurationPlatforms) = preSolution
		Debug|Any CPU = Debug|Any CPU
		Release|Any CPU = Release|Any CPU
	EndGlobalSection
	GlobalSection(ProjectConfigurationPlatforms) = postSolution
		{FD6B5CC5-258E-4A35-815E-FBB291FF018D}.Debug|Any CPU.ActiveCfg = Debug|Any CPU
		{FD6B5CC5-258E-4A35-815E-FBB291FF018D}.Debug|Any CPU.Build.0 = Debug|Any CPU
		{FD6B5CC5-258E-4A35-815E-FBB291FF018D}.Release|Any CPU.ActiveCfg = Release|Any CPU
		{FD6B5CC5-258E-4A35-815E-FBB291FF018D}.Release|Any CPU.Build.0 = Release|Any CPU
	EndGlobalSection
	GlobalSection(SolutionProperties) = preSolution
		HideSolutionNode = FALSE
	EndGlobalSection
	GlobalSection(ExtensibilityGlobals) = postSolution
		SolutionGuid = {72100555-CA41-463B-B635-614A77B76A88}
	EndGlobalSection
EndGlobal
