
Microsoft Visual Studio Solution File, Format Version 12.00
# Visual Studio Version 17
VisualStudioVersion = 17.8.34309.116
MinimumVisualStudioVersion = 10.0.40219.1
Project("{FAE04EC0-301F-11D3-BF4B-00C04F79EFBC}") = "Practice_7", "Practice_7\Practice_7.csproj", "{ACC5DCB5-504F-41CB-AC6C-0863889FCA99}"
EndProject
Global
	GlobalSection(SolutionConfigurationPlatforms) = preSolution
		Debug|Any CPU = Debug|Any CPU
		Release|Any CPU = Release|Any CPU
	EndGlobalSection
	GlobalSection(ProjectConfigurationPlatforms) = postSolution
		{ACC5DCB5-504F-41CB-AC6C-0863889FCA99}.Debug|Any CPU.ActiveCfg = Debug|Any CPU
		{ACC5DCB5-504F-41CB-AC6C-0863889FCA99}.Debug|Any CPU.Build.0 = Debug|Any CPU
		{ACC5DCB5-504F-41CB-AC6C-0863889FCA99}.Release|Any CPU.ActiveCfg = Release|Any CPU
		{ACC5DCB5-504F-41CB-AC6C-0863889FCA99}.Release|Any CPU.Build.0 = Release|Any CPU
	EndGlobalSection
	GlobalSection(SolutionProperties) = preSolution
		HideSolutionNode = FALSE
	EndGlobalSection
	GlobalSection(ExtensibilityGlobals) = postSolution
		SolutionGuid = {7EFD879D-37DC-4B88-91A5-E857C1D5491D}
	EndGlobalSection
EndGlobal
