
Microsoft Visual Studio Solution File, Format Version 12.00
# Visual Studio Version 17
VisualStudioVersion = 17.8.34309.116
MinimumVisualStudioVersion = 10.0.40219.1
Project("{FAE04EC0-301F-11D3-BF4B-00C04F79EFBC}") = "solution", "solution\solution.csproj", "{A5508494-ACA0-415E-A984-6425D5612403}"
EndProject
Global
	GlobalSection(SolutionConfigurationPlatforms) = preSolution
		Debug|Any CPU = Debug|Any CPU
		Release|Any CPU = Release|Any CPU
	EndGlobalSection
	GlobalSection(ProjectConfigurationPlatforms) = postSolution
		{A5508494-ACA0-415E-A984-6425D5612403}.Debug|Any CPU.ActiveCfg = Debug|Any CPU
		{A5508494-ACA0-415E-A984-6425D5612403}.Debug|Any CPU.Build.0 = Debug|Any CPU
		{A5508494-ACA0-415E-A984-6425D5612403}.Release|Any CPU.ActiveCfg = Release|Any CPU
		{A5508494-ACA0-415E-A984-6425D5612403}.Release|Any CPU.Build.0 = Release|Any CPU
	EndGlobalSection
	GlobalSection(SolutionProperties) = preSolution
		HideSolutionNode = FALSE
	EndGlobalSection
	GlobalSection(ExtensibilityGlobals) = postSolution
		SolutionGuid = {66A1442C-B4D3-4F53-A24C-2E960B09150F}
	EndGlobalSection
EndGlobal
