
Microsoft Visual Studio Solution File, Format Version 12.00
# Visual Studio Version 17
VisualStudioVersion = 17.8.34309.116
MinimumVisualStudioVersion = 10.0.40219.1
Project("{FAE04EC0-301F-11D3-BF4B-00C04F79EFBC}") = "Practice_4", "Practice_4\Practice_4.csproj", "{BA78626F-F913-4F7E-AF8E-5400541D20E5}"
EndProject
Global
	GlobalSection(SolutionConfigurationPlatforms) = preSolution
		Debug|Any CPU = Debug|Any CPU
		Release|Any CPU = Release|Any CPU
	EndGlobalSection
	GlobalSection(ProjectConfigurationPlatforms) = postSolution
		{BA78626F-F913-4F7E-AF8E-5400541D20E5}.Debug|Any CPU.ActiveCfg = Debug|Any CPU
		{BA78626F-F913-4F7E-AF8E-5400541D20E5}.Debug|Any CPU.Build.0 = Debug|Any CPU
		{BA78626F-F913-4F7E-AF8E-5400541D20E5}.Release|Any CPU.ActiveCfg = Release|Any CPU
		{BA78626F-F913-4F7E-AF8E-5400541D20E5}.Release|Any CPU.Build.0 = Release|Any CPU
	EndGlobalSection
	GlobalSection(SolutionProperties) = preSolution
		HideSolutionNode = FALSE
	EndGlobalSection
	GlobalSection(ExtensibilityGlobals) = postSolution
		SolutionGuid = {D61981A3-92A8-495F-BDA1-C8F36DDD0E50}
	EndGlobalSection
EndGlobal
