
Microsoft Visual Studio Solution File, Format Version 12.00
# Visual Studio Version 17
VisualStudioVersion = 17.8.34309.116
MinimumVisualStudioVersion = 10.0.40219.1
Project("{FAE04EC0-301F-11D3-BF4B-00C04F79EFBC}") = "Practice_3", "Practice_3\Practice_3.csproj", "{952F35F2-4F62-486E-8A20-3EF951C67824}"
EndProject
Global
	GlobalSection(SolutionConfigurationPlatforms) = preSolution
		Debug|Any CPU = Debug|Any CPU
		Release|Any CPU = Release|Any CPU
	EndGlobalSection
	GlobalSection(ProjectConfigurationPlatforms) = postSolution
		{952F35F2-4F62-486E-8A20-3EF951C67824}.Debug|Any CPU.ActiveCfg = Debug|Any CPU
		{952F35F2-4F62-486E-8A20-3EF951C67824}.Debug|Any CPU.Build.0 = Debug|Any CPU
		{952F35F2-4F62-486E-8A20-3EF951C67824}.Release|Any CPU.ActiveCfg = Release|Any CPU
		{952F35F2-4F62-486E-8A20-3EF951C67824}.Release|Any CPU.Build.0 = Release|Any CPU
	EndGlobalSection
	GlobalSection(SolutionProperties) = preSolution
		HideSolutionNode = FALSE
	EndGlobalSection
	GlobalSection(ExtensibilityGlobals) = postSolution
		SolutionGuid = {10A3E312-0D99-4076-A033-DDA97DD3F4E7}
	EndGlobalSection
EndGlobal
