
Microsoft Visual Studio Solution File, Format Version 12.00
# Visual Studio Version 17
VisualStudioVersion = 17.8.34309.116
MinimumVisualStudioVersion = 10.0.40219.1
Project("{FAE04EC0-301F-11D3-BF4B-00C04F79EFBC}") = "Practice_3", "Practice_3\Practice_3.csproj", "{CF18A0F9-BA55-4C55-9A70-F3F5ECA35942}"
EndProject
Global
	GlobalSection(SolutionConfigurationPlatforms) = preSolution
		Debug|Any CPU = Debug|Any CPU
		Release|Any CPU = Release|Any CPU
	EndGlobalSection
	GlobalSection(ProjectConfigurationPlatforms) = postSolution
		{CF18A0F9-BA55-4C55-9A70-F3F5ECA35942}.Debug|Any CPU.ActiveCfg = Debug|Any CPU
		{CF18A0F9-BA55-4C55-9A70-F3F5ECA35942}.Debug|Any CPU.Build.0 = Debug|Any CPU
		{CF18A0F9-BA55-4C55-9A70-F3F5ECA35942}.Release|Any CPU.ActiveCfg = Release|Any CPU
		{CF18A0F9-BA55-4C55-9A70-F3F5ECA35942}.Release|Any CPU.Build.0 = Release|Any CPU
	EndGlobalSection
	GlobalSection(SolutionProperties) = preSolution
		HideSolutionNode = FALSE
	EndGlobalSection
	GlobalSection(ExtensibilityGlobals) = postSolution
		SolutionGuid = {CD09694A-0F4A-4EA2-830E-64F60F840B09}
	EndGlobalSection
EndGlobal
