
Microsoft Visual Studio Solution File, Format Version 12.00
# Visual Studio Version 17
VisualStudioVersion = 17.8.34309.116
MinimumVisualStudioVersion = 10.0.40219.1
Project("{FAE04EC0-301F-11D3-BF4B-00C04F79EFBC}") = "solution2", "solution2\solution2.csproj", "{1727685D-733C-4849-BD6A-2CB4C7AF1E77}"
EndProject
Global
	GlobalSection(SolutionConfigurationPlatforms) = preSolution
		Debug|Any CPU = Debug|Any CPU
		Release|Any CPU = Release|Any CPU
	EndGlobalSection
	GlobalSection(ProjectConfigurationPlatforms) = postSolution
		{1727685D-733C-4849-BD6A-2CB4C7AF1E77}.Debug|Any CPU.ActiveCfg = Debug|Any CPU
		{1727685D-733C-4849-BD6A-2CB4C7AF1E77}.Debug|Any CPU.Build.0 = Debug|Any CPU
		{1727685D-733C-4849-BD6A-2CB4C7AF1E77}.Release|Any CPU.ActiveCfg = Release|Any CPU
		{1727685D-733C-4849-BD6A-2CB4C7AF1E77}.Release|Any CPU.Build.0 = Release|Any CPU
	EndGlobalSection
	GlobalSection(SolutionProperties) = preSolution
		HideSolutionNode = FALSE
	EndGlobalSection
	GlobalSection(ExtensibilityGlobals) = postSolution
		SolutionGuid = {5165BC0F-F686-41B2-B0D1-A5288359DA65}
	EndGlobalSection
EndGlobal
