
Microsoft Visual Studio Solution File, Format Version 12.00
# Visual Studio Version 17
VisualStudioVersion = 17.8.34309.116
MinimumVisualStudioVersion = 10.0.40219.1
Project("{FAE04EC0-301F-11D3-BF4B-00C04F79EFBC}") = "day9s_tasks", "day9s_tasks\day9s_tasks.csproj", "{CA96F999-EB0E-4DB5-B5DA-1610483EF399}"
EndProject
Global
	GlobalSection(SolutionConfigurationPlatforms) = preSolution
		Debug|Any CPU = Debug|Any CPU
		Release|Any CPU = Release|Any CPU
	EndGlobalSection
	GlobalSection(ProjectConfigurationPlatforms) = postSolution
		{CA96F999-EB0E-4DB5-B5DA-1610483EF399}.Debug|Any CPU.ActiveCfg = Debug|Any CPU
		{CA96F999-EB0E-4DB5-B5DA-1610483EF399}.Debug|Any CPU.Build.0 = Debug|Any CPU
		{CA96F999-EB0E-4DB5-B5DA-1610483EF399}.Release|Any CPU.ActiveCfg = Release|Any CPU
		{CA96F999-EB0E-4DB5-B5DA-1610483EF399}.Release|Any CPU.Build.0 = Release|Any CPU
	EndGlobalSection
	GlobalSection(SolutionProperties) = preSolution
		HideSolutionNode = FALSE
	EndGlobalSection
	GlobalSection(ExtensibilityGlobals) = postSolution
		SolutionGuid = {6FC0A844-C126-499D-A752-6D6E45B5E1A2}
	EndGlobalSection
EndGlobal
